
Microsoft Visual Studio Solution File, Format Version 12.00
# Visual Studio 16
Project("{FAE04EC0-301F-11D3-BF4B-00C04F79EFBC}") = "Assembly-CSharp", "Assembly-CSharp.csproj", "{A8DFCAD4-A9D7-8260-91EA-B9D6CFEB707A}"
EndProject
Project("{FAE04EC0-301F-11D3-BF4B-00C04F79EFBC}") = "Assembly-CSharp-Editor-firstpass", "Assembly-CSharp-Editor-firstpass.csproj", "{0374877D-31FA-C3F9-C554-954B276B80C9}"
EndProject
Global
	GlobalSection(SolutionConfigurationPlatforms) = preSolution
		Debug|Any CPU = Debug|Any CPU
		Release|Any CPU = Release|Any CPU
	EndGlobalSection
	GlobalSection(ProjectConfigurationPlatforms) = postSolution
		{A8DFCAD4-A9D7-8260-91EA-B9D6CFEB707A}.Debug|Any CPU.ActiveCfg = Debug|Any CPU
		{A8DFCAD4-A9D7-8260-91EA-B9D6CFEB707A}.Debug|Any CPU.Build.0 = Debug|Any CPU
		{A8DFCAD4-A9D7-8260-91EA-B9D6CFEB707A}.Release|Any CPU.ActiveCfg = Release|Any CPU
		{A8DFCAD4-A9D7-8260-91EA-B9D6CFEB707A}.Release|Any CPU.Build.0 = Release|Any CPU
		{0374877D-31FA-C3F9-C554-954B276B80C9}.Debug|Any CPU.ActiveCfg = Debug|Any CPU
		{0374877D-31FA-C3F9-C554-954B276B80C9}.Debug|Any CPU.Build.0 = Debug|Any CPU
		{0374877D-31FA-C3F9-C554-954B276B80C9}.Release|Any CPU.ActiveCfg = Release|Any CPU
		{0374877D-31FA-C3F9-C554-954B276B80C9}.Release|Any CPU.Build.0 = Release|Any CPU
	EndGlobalSection
	GlobalSection(SolutionProperties) = preSolution
		HideSolutionNode = FALSE
	EndGlobalSection
	GlobalSection(MonoDevelopProperties) = preSolution
		StartupItem = Assembly-CSharp.csproj
	EndGlobalSection
EndGlobal
